
Microsoft Visual Studio Solution File, Format Version 12.00
# Visual Studio 14
VisualStudioVersion = 14.0.25420.1
MinimumVisualStudioVersion = 10.0.40219.1
Project("{F184B08F-C81C-45F6-A57F-5ABD9991F28F}") = "BDSMasterBoard", "BDSMasterBoard\BDSMasterBoard.vbproj", "{E509D64B-D559-4F6E-9FFC-A23F166EF72E}"
	ProjectSection(ProjectDependencies) = postProject
		{06D2EB54-1AA6-4569-A3AF-BE08644C3C0C} = {06D2EB54-1AA6-4569-A3AF-BE08644C3C0C}
		{1C7D5665-33F4-4249-9C17-C12713E7F9C8} = {1C7D5665-33F4-4249-9C17-C12713E7F9C8}
		{BF27ECE9-FBF8-4158-AA36-5769C7BEB663} = {BF27ECE9-FBF8-4158-AA36-5769C7BEB663}
		{ADCFC4F4-EEE4-4B81-9CB1-78A9B8CC0967} = {ADCFC4F4-EEE4-4B81-9CB1-78A9B8CC0967}
	EndProjectSection
EndProject
Project("{F184B08F-C81C-45F6-A57F-5ABD9991F28F}") = "TestExecutiveGUI", "..\TestExecutiveGUI\TestExecutiveGUI\TestExecutiveGUI.vbproj", "{ADCFC4F4-EEE4-4B81-9CB1-78A9B8CC0967}"
	ProjectSection(ProjectDependencies) = postProject
		{06D2EB54-1AA6-4569-A3AF-BE08644C3C0C} = {06D2EB54-1AA6-4569-A3AF-BE08644C3C0C}
		{1C7D5665-33F4-4249-9C17-C12713E7F9C8} = {1C7D5665-33F4-4249-9C17-C12713E7F9C8}
		{BF27ECE9-FBF8-4158-AA36-5769C7BEB663} = {BF27ECE9-FBF8-4158-AA36-5769C7BEB663}
	EndProjectSection
EndProject
Project("{F184B08F-C81C-45F6-A57F-5ABD9991F28F}") = "TestExecutiveLib", "..\TestExecutiveLib\TestExecutiveLib\TestExecutiveLib.vbproj", "{06D2EB54-1AA6-4569-A3AF-BE08644C3C0C}"
	ProjectSection(ProjectDependencies) = postProject
		{1C7D5665-33F4-4249-9C17-C12713E7F9C8} = {1C7D5665-33F4-4249-9C17-C12713E7F9C8}
		{BF27ECE9-FBF8-4158-AA36-5769C7BEB663} = {BF27ECE9-FBF8-4158-AA36-5769C7BEB663}
	EndProjectSection
EndProject
Project("{FAE04EC0-301F-11D3-BF4B-00C04F79EFBC}") = "Instruments", "..\Instruments\Instruments.csproj", "{BF27ECE9-FBF8-4158-AA36-5769C7BEB663}"
EndProject
Project("{F184B08F-C81C-45F6-A57F-5ABD9991F28F}") = "TestInstrumentsGUI", "..\TestInstrumentsGUI\TestInstrumentsGUI.vbproj", "{1C7D5665-33F4-4249-9C17-C12713E7F9C8}"
	ProjectSection(ProjectDependencies) = postProject
		{BF27ECE9-FBF8-4158-AA36-5769C7BEB663} = {BF27ECE9-FBF8-4158-AA36-5769C7BEB663}
	EndProjectSection
EndProject
Global
	GlobalSection(SolutionConfigurationPlatforms) = preSolution
		Debug|Any CPU = Debug|Any CPU
		Debug|x64 = Debug|x64
		Debug|x86 = Debug|x86
		Release|Any CPU = Release|Any CPU
		Release|x64 = Release|x64
		Release|x86 = Release|x86
	EndGlobalSection
	GlobalSection(ProjectConfigurationPlatforms) = postSolution
		{E509D64B-D559-4F6E-9FFC-A23F166EF72E}.Debug|Any CPU.ActiveCfg = Debug|Any CPU
		{E509D64B-D559-4F6E-9FFC-A23F166EF72E}.Debug|Any CPU.Build.0 = Debug|Any CPU
		{E509D64B-D559-4F6E-9FFC-A23F166EF72E}.Debug|x64.ActiveCfg = Debug|Any CPU
		{E509D64B-D559-4F6E-9FFC-A23F166EF72E}.Debug|x64.Build.0 = Debug|Any CPU
		{E509D64B-D559-4F6E-9FFC-A23F166EF72E}.Debug|x86.ActiveCfg = Debug|Any CPU
		{E509D64B-D559-4F6E-9FFC-A23F166EF72E}.Debug|x86.Build.0 = Debug|Any CPU
		{E509D64B-D559-4F6E-9FFC-A23F166EF72E}.Release|Any CPU.ActiveCfg = Release|Any CPU
		{E509D64B-D559-4F6E-9FFC-A23F166EF72E}.Release|Any CPU.Build.0 = Release|Any CPU
		{E509D64B-D559-4F6E-9FFC-A23F166EF72E}.Release|x64.ActiveCfg = Release|Any CPU
		{E509D64B-D559-4F6E-9FFC-A23F166EF72E}.Release|x64.Build.0 = Release|Any CPU
		{E509D64B-D559-4F6E-9FFC-A23F166EF72E}.Release|x86.ActiveCfg = Release|Any CPU
		{E509D64B-D559-4F6E-9FFC-A23F166EF72E}.Release|x86.Build.0 = Release|Any CPU
		{ADCFC4F4-EEE4-4B81-9CB1-78A9B8CC0967}.Debug|Any CPU.ActiveCfg = Debug|Any CPU
		{ADCFC4F4-EEE4-4B81-9CB1-78A9B8CC0967}.Debug|Any CPU.Build.0 = Debug|Any CPU
		{ADCFC4F4-EEE4-4B81-9CB1-78A9B8CC0967}.Debug|x64.ActiveCfg = Debug|x64
		{ADCFC4F4-EEE4-4B81-9CB1-78A9B8CC0967}.Debug|x64.Build.0 = Debug|x64
		{ADCFC4F4-EEE4-4B81-9CB1-78A9B8CC0967}.Debug|x86.ActiveCfg = Debug|x86
		{ADCFC4F4-EEE4-4B81-9CB1-78A9B8CC0967}.Debug|x86.Build.0 = Debug|x86
		{ADCFC4F4-EEE4-4B81-9CB1-78A9B8CC0967}.Release|Any CPU.ActiveCfg = Release|Any CPU
		{ADCFC4F4-EEE4-4B81-9CB1-78A9B8CC0967}.Release|Any CPU.Build.0 = Release|Any CPU
		{ADCFC4F4-EEE4-4B81-9CB1-78A9B8CC0967}.Release|x64.ActiveCfg = Release|x64
		{ADCFC4F4-EEE4-4B81-9CB1-78A9B8CC0967}.Release|x64.Build.0 = Release|x64
		{ADCFC4F4-EEE4-4B81-9CB1-78A9B8CC0967}.Release|x86.ActiveCfg = Release|x86
		{ADCFC4F4-EEE4-4B81-9CB1-78A9B8CC0967}.Release|x86.Build.0 = Release|x86
		{06D2EB54-1AA6-4569-A3AF-BE08644C3C0C}.Debug|Any CPU.ActiveCfg = Debug|Any CPU
		{06D2EB54-1AA6-4569-A3AF-BE08644C3C0C}.Debug|Any CPU.Build.0 = Debug|Any CPU
		{06D2EB54-1AA6-4569-A3AF-BE08644C3C0C}.Debug|x64.ActiveCfg = Debug|Any CPU
		{06D2EB54-1AA6-4569-A3AF-BE08644C3C0C}.Debug|x64.Build.0 = Debug|Any CPU
		{06D2EB54-1AA6-4569-A3AF-BE08644C3C0C}.Debug|x86.ActiveCfg = Debug|x86
		{06D2EB54-1AA6-4569-A3AF-BE08644C3C0C}.Debug|x86.Build.0 = Debug|x86
		{06D2EB54-1AA6-4569-A3AF-BE08644C3C0C}.Release|Any CPU.ActiveCfg = Release|Any CPU
		{06D2EB54-1AA6-4569-A3AF-BE08644C3C0C}.Release|Any CPU.Build.0 = Release|Any CPU
		{06D2EB54-1AA6-4569-A3AF-BE08644C3C0C}.Release|x64.ActiveCfg = Release|Any CPU
		{06D2EB54-1AA6-4569-A3AF-BE08644C3C0C}.Release|x64.Build.0 = Release|Any CPU
		{06D2EB54-1AA6-4569-A3AF-BE08644C3C0C}.Release|x86.ActiveCfg = Release|x86
		{06D2EB54-1AA6-4569-A3AF-BE08644C3C0C}.Release|x86.Build.0 = Release|x86
		{BF27ECE9-FBF8-4158-AA36-5769C7BEB663}.Debug|Any CPU.ActiveCfg = Debug|Any CPU
		{BF27ECE9-FBF8-4158-AA36-5769C7BEB663}.Debug|Any CPU.Build.0 = Debug|Any CPU
		{BF27ECE9-FBF8-4158-AA36-5769C7BEB663}.Debug|x64.ActiveCfg = Debug|x64
		{BF27ECE9-FBF8-4158-AA36-5769C7BEB663}.Debug|x64.Build.0 = Debug|x64
		{BF27ECE9-FBF8-4158-AA36-5769C7BEB663}.Debug|x86.ActiveCfg = Debug|x86
		{BF27ECE9-FBF8-4158-AA36-5769C7BEB663}.Debug|x86.Build.0 = Debug|x86
		{BF27ECE9-FBF8-4158-AA36-5769C7BEB663}.Release|Any CPU.ActiveCfg = Release|Any CPU
		{BF27ECE9-FBF8-4158-AA36-5769C7BEB663}.Release|Any CPU.Build.0 = Release|Any CPU
		{BF27ECE9-FBF8-4158-AA36-5769C7BEB663}.Release|x64.ActiveCfg = Release|x64
		{BF27ECE9-FBF8-4158-AA36-5769C7BEB663}.Release|x64.Build.0 = Release|x64
		{BF27ECE9-FBF8-4158-AA36-5769C7BEB663}.Release|x86.ActiveCfg = Release|x86
		{BF27ECE9-FBF8-4158-AA36-5769C7BEB663}.Release|x86.Build.0 = Release|x86
		{1C7D5665-33F4-4249-9C17-C12713E7F9C8}.Debug|Any CPU.ActiveCfg = Debug|x86
		{1C7D5665-33F4-4249-9C17-C12713E7F9C8}.Debug|x64.ActiveCfg = Debug|x86
		{1C7D5665-33F4-4249-9C17-C12713E7F9C8}.Debug|x86.ActiveCfg = Debug|x86
		{1C7D5665-33F4-4249-9C17-C12713E7F9C8}.Debug|x86.Build.0 = Debug|x86
		{1C7D5665-33F4-4249-9C17-C12713E7F9C8}.Release|Any CPU.ActiveCfg = Release|x86
		{1C7D5665-33F4-4249-9C17-C12713E7F9C8}.Release|x64.ActiveCfg = Release|x86
		{1C7D5665-33F4-4249-9C17-C12713E7F9C8}.Release|x86.ActiveCfg = Release|x86
		{1C7D5665-33F4-4249-9C17-C12713E7F9C8}.Release|x86.Build.0 = Release|x86
	EndGlobalSection
	GlobalSection(SolutionProperties) = preSolution
		HideSolutionNode = FALSE
	EndGlobalSection
EndGlobal
